
Microsoft Visual Studio Solution File, Format Version 12.00
# Visual Studio Version 16
VisualStudioVersion = 16.0.31424.327
MinimumVisualStudioVersion = 10.0.40219.1
Project("{FAE04EC0-301F-11D3-BF4B-00C04F79EFBC}") = "Week5ADO", "Week5ADO\Week5ADO.csproj", "{CAB26026-61BC-4812-AC2B-5DEA432941C7}"
EndProject
Project("{FAE04EC0-301F-11D3-BF4B-00C04F79EFBC}") = "Week5ADO_DAL", "Week5ADO_DLL\Week5ADO_DAL.csproj", "{42079203-2BB1-477B-AC26-57CDC6CE627D}"
EndProject
Global
	GlobalSection(SolutionConfigurationPlatforms) = preSolution
		Debug|Any CPU = Debug|Any CPU
		Release|Any CPU = Release|Any CPU
	EndGlobalSection
	GlobalSection(ProjectConfigurationPlatforms) = postSolution
		{CAB26026-61BC-4812-AC2B-5DEA432941C7}.Debug|Any CPU.ActiveCfg = Debug|Any CPU
		{CAB26026-61BC-4812-AC2B-5DEA432941C7}.Debug|Any CPU.Build.0 = Debug|Any CPU
		{CAB26026-61BC-4812-AC2B-5DEA432941C7}.Release|Any CPU.ActiveCfg = Release|Any CPU
		{CAB26026-61BC-4812-AC2B-5DEA432941C7}.Release|Any CPU.Build.0 = Release|Any CPU
		{42079203-2BB1-477B-AC26-57CDC6CE627D}.Debug|Any CPU.ActiveCfg = Debug|Any CPU
		{42079203-2BB1-477B-AC26-57CDC6CE627D}.Debug|Any CPU.Build.0 = Debug|Any CPU
		{42079203-2BB1-477B-AC26-57CDC6CE627D}.Release|Any CPU.ActiveCfg = Release|Any CPU
		{42079203-2BB1-477B-AC26-57CDC6CE627D}.Release|Any CPU.Build.0 = Release|Any CPU
	EndGlobalSection
	GlobalSection(SolutionProperties) = preSolution
		HideSolutionNode = FALSE
	EndGlobalSection
	GlobalSection(ExtensibilityGlobals) = postSolution
		SolutionGuid = {35AAC52B-D440-46C0-AD4C-9960615AF155}
	EndGlobalSection
EndGlobal
